
Microsoft Visual Studio Solution File, Format Version 12.00
# Visual Studio Version 17
VisualStudioVersion = 17.7.34221.43
MinimumVisualStudioVersion = 10.0.40219.1
Project("{FAE04EC0-301F-11D3-BF4B-00C04F79EFBC}") = "moodleOppgave01", "moodleOppgave01\moodleOppgave01.csproj", "{506AD762-96B6-43F9-9C5B-A2EBC0537536}"
EndProject
Global
	GlobalSection(SolutionConfigurationPlatforms) = preSolution
		Debug|Any CPU = Debug|Any CPU
		Release|Any CPU = Release|Any CPU
	EndGlobalSection
	GlobalSection(ProjectConfigurationPlatforms) = postSolution
		{506AD762-96B6-43F9-9C5B-A2EBC0537536}.Debug|Any CPU.ActiveCfg = Debug|Any CPU
		{506AD762-96B6-43F9-9C5B-A2EBC0537536}.Debug|Any CPU.Build.0 = Debug|Any CPU
		{506AD762-96B6-43F9-9C5B-A2EBC0537536}.Release|Any CPU.ActiveCfg = Release|Any CPU
		{506AD762-96B6-43F9-9C5B-A2EBC0537536}.Release|Any CPU.Build.0 = Release|Any CPU
	EndGlobalSection
	GlobalSection(SolutionProperties) = preSolution
		HideSolutionNode = FALSE
	EndGlobalSection
	GlobalSection(ExtensibilityGlobals) = postSolution
		SolutionGuid = {BE7C33FD-3EB1-4BAD-9EB9-B38FE979CC88}
	EndGlobalSection
EndGlobal
